
Microsoft Visual Studio Solution File, Format Version 12.00
# Visual Studio 15
VisualStudioVersion = 15.0.34031.82
MinimumVisualStudioVersion = 10.0.40219.1
Project("{FAE04EC0-301F-11D3-BF4B-00C04F79EFBC}") = "Bizu.Presentation", "Bizu.Presentation\Bizu.Presentation.csproj", "{2C72424A-4192-4930-9852-7271EE3298A7}"
EndProject
Project("{FAE04EC0-301F-11D3-BF4B-00C04F79EFBC}") = "Bizu.Application", "Bizu.Application\Bizu.Application.csproj", "{205389BD-DCD7-4212-91E6-D70EA1FE1705}"
EndProject
Project("{FAE04EC0-301F-11D3-BF4B-00C04F79EFBC}") = "Bizu.Infrastructure", "Bizu.Infrastructure\Bizu.Infrastructure.csproj", "{650E5CC9-D792-4413-81CD-083DEBA29DF0}"
EndProject
Project("{FAE04EC0-301F-11D3-BF4B-00C04F79EFBC}") = "Bizu.Domain", "Bizu.Domain\Bizu.Domain.csproj", "{01EFA86C-05AF-4BF0-9297-4D7B843D997B}"
EndProject
Project("{FAE04EC0-301F-11D3-BF4B-00C04F79EFBC}") = "Bizu.Reports", "Bizu.Reports\Bizu.Reports.csproj", "{498AED4B-4B34-4A74-A000-0947F39110C6}"
EndProject
Project("{FAE04EC0-301F-11D3-BF4B-00C04F79EFBC}") = "Example.Infrastructure", "Example.Infrastructure\Example.Infrastructure.csproj", "{2B6B50AB-D0BE-4BAD-BBC7-A0ADF36C597B}"
EndProject
Global
	GlobalSection(SolutionConfigurationPlatforms) = preSolution
		Debug|Any CPU = Debug|Any CPU
		Debug|ARM = Debug|ARM
		Debug|Mixed Platforms = Debug|Mixed Platforms
		Debug|x64 = Debug|x64
		Debug|x86 = Debug|x86
		EasyTest|Any CPU = EasyTest|Any CPU
		EasyTest|ARM = EasyTest|ARM
		EasyTest|Mixed Platforms = EasyTest|Mixed Platforms
		EasyTest|x64 = EasyTest|x64
		EasyTest|x86 = EasyTest|x86
		Prueba|Any CPU = Prueba|Any CPU
		Prueba|ARM = Prueba|ARM
		Prueba|Mixed Platforms = Prueba|Mixed Platforms
		Prueba|x64 = Prueba|x64
		Prueba|x86 = Prueba|x86
		Release|Any CPU = Release|Any CPU
		Release|ARM = Release|ARM
		Release|Mixed Platforms = Release|Mixed Platforms
		Release|x64 = Release|x64
		Release|x86 = Release|x86
	EndGlobalSection
	GlobalSection(ProjectConfigurationPlatforms) = postSolution
		{2C72424A-4192-4930-9852-7271EE3298A7}.Debug|Any CPU.ActiveCfg = Debug|x86
		{2C72424A-4192-4930-9852-7271EE3298A7}.Debug|Any CPU.Build.0 = Debug|x86
		{2C72424A-4192-4930-9852-7271EE3298A7}.Debug|ARM.ActiveCfg = Debug|x86
		{2C72424A-4192-4930-9852-7271EE3298A7}.Debug|Mixed Platforms.ActiveCfg = Debug|x86
		{2C72424A-4192-4930-9852-7271EE3298A7}.Debug|Mixed Platforms.Build.0 = Debug|x86
		{2C72424A-4192-4930-9852-7271EE3298A7}.Debug|x64.ActiveCfg = Debug|x64
		{2C72424A-4192-4930-9852-7271EE3298A7}.Debug|x64.Build.0 = Debug|x64
		{2C72424A-4192-4930-9852-7271EE3298A7}.Debug|x86.ActiveCfg = Debug|x86
		{2C72424A-4192-4930-9852-7271EE3298A7}.Debug|x86.Build.0 = Debug|x86
		{2C72424A-4192-4930-9852-7271EE3298A7}.EasyTest|Any CPU.ActiveCfg = Prueba|x86
		{2C72424A-4192-4930-9852-7271EE3298A7}.EasyTest|ARM.ActiveCfg = Prueba|x86
		{2C72424A-4192-4930-9852-7271EE3298A7}.EasyTest|Mixed Platforms.ActiveCfg = Prueba|x86
		{2C72424A-4192-4930-9852-7271EE3298A7}.EasyTest|Mixed Platforms.Build.0 = Prueba|x86
		{2C72424A-4192-4930-9852-7271EE3298A7}.EasyTest|x64.ActiveCfg = Prueba|x64
		{2C72424A-4192-4930-9852-7271EE3298A7}.EasyTest|x64.Build.0 = Prueba|x64
		{2C72424A-4192-4930-9852-7271EE3298A7}.EasyTest|x86.ActiveCfg = Prueba|x86
		{2C72424A-4192-4930-9852-7271EE3298A7}.EasyTest|x86.Build.0 = Prueba|x86
		{2C72424A-4192-4930-9852-7271EE3298A7}.Prueba|Any CPU.ActiveCfg = Prueba|x86
		{2C72424A-4192-4930-9852-7271EE3298A7}.Prueba|ARM.ActiveCfg = Prueba|x86
		{2C72424A-4192-4930-9852-7271EE3298A7}.Prueba|Mixed Platforms.ActiveCfg = Prueba|x86
		{2C72424A-4192-4930-9852-7271EE3298A7}.Prueba|Mixed Platforms.Build.0 = Prueba|x86
		{2C72424A-4192-4930-9852-7271EE3298A7}.Prueba|x64.ActiveCfg = Prueba|x64
		{2C72424A-4192-4930-9852-7271EE3298A7}.Prueba|x64.Build.0 = Prueba|x64
		{2C72424A-4192-4930-9852-7271EE3298A7}.Prueba|x86.ActiveCfg = Prueba|x86
		{2C72424A-4192-4930-9852-7271EE3298A7}.Prueba|x86.Build.0 = Prueba|x86
		{2C72424A-4192-4930-9852-7271EE3298A7}.Release|Any CPU.ActiveCfg = Release|x86
		{2C72424A-4192-4930-9852-7271EE3298A7}.Release|ARM.ActiveCfg = Release|x86
		{2C72424A-4192-4930-9852-7271EE3298A7}.Release|Mixed Platforms.ActiveCfg = Release|x86
		{2C72424A-4192-4930-9852-7271EE3298A7}.Release|Mixed Platforms.Build.0 = Release|x86
		{2C72424A-4192-4930-9852-7271EE3298A7}.Release|x64.ActiveCfg = Release|x64
		{2C72424A-4192-4930-9852-7271EE3298A7}.Release|x64.Build.0 = Release|x64
		{2C72424A-4192-4930-9852-7271EE3298A7}.Release|x86.ActiveCfg = Release|x86
		{2C72424A-4192-4930-9852-7271EE3298A7}.Release|x86.Build.0 = Release|x86
		{205389BD-DCD7-4212-91E6-D70EA1FE1705}.Debug|Any CPU.ActiveCfg = Debug|Any CPU
		{205389BD-DCD7-4212-91E6-D70EA1FE1705}.Debug|Any CPU.Build.0 = Debug|Any CPU
		{205389BD-DCD7-4212-91E6-D70EA1FE1705}.Debug|ARM.ActiveCfg = Debug|Any CPU
		{205389BD-DCD7-4212-91E6-D70EA1FE1705}.Debug|Mixed Platforms.ActiveCfg = Debug|Any CPU
		{205389BD-DCD7-4212-91E6-D70EA1FE1705}.Debug|Mixed Platforms.Build.0 = Debug|Any CPU
		{205389BD-DCD7-4212-91E6-D70EA1FE1705}.Debug|x64.ActiveCfg = Debug|Any CPU
		{205389BD-DCD7-4212-91E6-D70EA1FE1705}.Debug|x86.ActiveCfg = Debug|Any CPU
		{205389BD-DCD7-4212-91E6-D70EA1FE1705}.EasyTest|Any CPU.ActiveCfg = Prueba|Any CPU
		{205389BD-DCD7-4212-91E6-D70EA1FE1705}.EasyTest|Any CPU.Build.0 = Prueba|Any CPU
		{205389BD-DCD7-4212-91E6-D70EA1FE1705}.EasyTest|ARM.ActiveCfg = Prueba|Any CPU
		{205389BD-DCD7-4212-91E6-D70EA1FE1705}.EasyTest|Mixed Platforms.ActiveCfg = Prueba|Any CPU
		{205389BD-DCD7-4212-91E6-D70EA1FE1705}.EasyTest|Mixed Platforms.Build.0 = Prueba|Any CPU
		{205389BD-DCD7-4212-91E6-D70EA1FE1705}.EasyTest|x64.ActiveCfg = Prueba|Any CPU
		{205389BD-DCD7-4212-91E6-D70EA1FE1705}.EasyTest|x86.ActiveCfg = Prueba|Any CPU
		{205389BD-DCD7-4212-91E6-D70EA1FE1705}.Prueba|Any CPU.ActiveCfg = Prueba|Any CPU
		{205389BD-DCD7-4212-91E6-D70EA1FE1705}.Prueba|Any CPU.Build.0 = Prueba|Any CPU
		{205389BD-DCD7-4212-91E6-D70EA1FE1705}.Prueba|ARM.ActiveCfg = Prueba|Any CPU
		{205389BD-DCD7-4212-91E6-D70EA1FE1705}.Prueba|Mixed Platforms.ActiveCfg = Prueba|Any CPU
		{205389BD-DCD7-4212-91E6-D70EA1FE1705}.Prueba|Mixed Platforms.Build.0 = Prueba|Any CPU
		{205389BD-DCD7-4212-91E6-D70EA1FE1705}.Prueba|x64.ActiveCfg = Prueba|Any CPU
		{205389BD-DCD7-4212-91E6-D70EA1FE1705}.Prueba|x86.ActiveCfg = Prueba|Any CPU
		{205389BD-DCD7-4212-91E6-D70EA1FE1705}.Release|Any CPU.ActiveCfg = Release|Any CPU
		{205389BD-DCD7-4212-91E6-D70EA1FE1705}.Release|Any CPU.Build.0 = Release|Any CPU
		{205389BD-DCD7-4212-91E6-D70EA1FE1705}.Release|ARM.ActiveCfg = Release|Any CPU
		{205389BD-DCD7-4212-91E6-D70EA1FE1705}.Release|Mixed Platforms.ActiveCfg = Release|Any CPU
		{205389BD-DCD7-4212-91E6-D70EA1FE1705}.Release|Mixed Platforms.Build.0 = Release|Any CPU
		{205389BD-DCD7-4212-91E6-D70EA1FE1705}.Release|x64.ActiveCfg = Release|Any CPU
		{205389BD-DCD7-4212-91E6-D70EA1FE1705}.Release|x86.ActiveCfg = Release|Any CPU
		{650E5CC9-D792-4413-81CD-083DEBA29DF0}.Debug|Any CPU.ActiveCfg = Debug|Any CPU
		{650E5CC9-D792-4413-81CD-083DEBA29DF0}.Debug|Any CPU.Build.0 = Debug|Any CPU
		{650E5CC9-D792-4413-81CD-083DEBA29DF0}.Debug|ARM.ActiveCfg = Debug|Any CPU
		{650E5CC9-D792-4413-81CD-083DEBA29DF0}.Debug|Mixed Platforms.ActiveCfg = Debug|Any CPU
		{650E5CC9-D792-4413-81CD-083DEBA29DF0}.Debug|Mixed Platforms.Build.0 = Debug|Any CPU
		{650E5CC9-D792-4413-81CD-083DEBA29DF0}.Debug|x64.ActiveCfg = Debug|Any CPU
		{650E5CC9-D792-4413-81CD-083DEBA29DF0}.Debug|x86.ActiveCfg = Debug|Any CPU
		{650E5CC9-D792-4413-81CD-083DEBA29DF0}.EasyTest|Any CPU.ActiveCfg = Release|Any CPU
		{650E5CC9-D792-4413-81CD-083DEBA29DF0}.EasyTest|Any CPU.Build.0 = Release|Any CPU
		{650E5CC9-D792-4413-81CD-083DEBA29DF0}.EasyTest|ARM.ActiveCfg = Release|Any CPU
		{650E5CC9-D792-4413-81CD-083DEBA29DF0}.EasyTest|Mixed Platforms.ActiveCfg = Release|Any CPU
		{650E5CC9-D792-4413-81CD-083DEBA29DF0}.EasyTest|Mixed Platforms.Build.0 = Release|Any CPU
		{650E5CC9-D792-4413-81CD-083DEBA29DF0}.EasyTest|x64.ActiveCfg = Release|Any CPU
		{650E5CC9-D792-4413-81CD-083DEBA29DF0}.EasyTest|x86.ActiveCfg = Release|Any CPU
		{650E5CC9-D792-4413-81CD-083DEBA29DF0}.Prueba|Any CPU.ActiveCfg = Release|Any CPU
		{650E5CC9-D792-4413-81CD-083DEBA29DF0}.Prueba|Any CPU.Build.0 = Release|Any CPU
		{650E5CC9-D792-4413-81CD-083DEBA29DF0}.Prueba|ARM.ActiveCfg = Release|Any CPU
		{650E5CC9-D792-4413-81CD-083DEBA29DF0}.Prueba|Mixed Platforms.ActiveCfg = Release|Any CPU
		{650E5CC9-D792-4413-81CD-083DEBA29DF0}.Prueba|Mixed Platforms.Build.0 = Release|Any CPU
		{650E5CC9-D792-4413-81CD-083DEBA29DF0}.Prueba|x64.ActiveCfg = Release|Any CPU
		{650E5CC9-D792-4413-81CD-083DEBA29DF0}.Prueba|x86.ActiveCfg = Release|Any CPU
		{650E5CC9-D792-4413-81CD-083DEBA29DF0}.Release|Any CPU.ActiveCfg = Release|Any CPU
		{650E5CC9-D792-4413-81CD-083DEBA29DF0}.Release|Any CPU.Build.0 = Release|Any CPU
		{650E5CC9-D792-4413-81CD-083DEBA29DF0}.Release|ARM.ActiveCfg = Release|Any CPU
		{650E5CC9-D792-4413-81CD-083DEBA29DF0}.Release|Mixed Platforms.ActiveCfg = Release|Any CPU
		{650E5CC9-D792-4413-81CD-083DEBA29DF0}.Release|Mixed Platforms.Build.0 = Release|Any CPU
		{650E5CC9-D792-4413-81CD-083DEBA29DF0}.Release|x64.ActiveCfg = Release|Any CPU
		{650E5CC9-D792-4413-81CD-083DEBA29DF0}.Release|x86.ActiveCfg = Release|Any CPU
		{01EFA86C-05AF-4BF0-9297-4D7B843D997B}.Debug|Any CPU.ActiveCfg = Debug|Any CPU
		{01EFA86C-05AF-4BF0-9297-4D7B843D997B}.Debug|Any CPU.Build.0 = Debug|Any CPU
		{01EFA86C-05AF-4BF0-9297-4D7B843D997B}.Debug|ARM.ActiveCfg = Debug|Any CPU
		{01EFA86C-05AF-4BF0-9297-4D7B843D997B}.Debug|Mixed Platforms.ActiveCfg = Debug|Any CPU
		{01EFA86C-05AF-4BF0-9297-4D7B843D997B}.Debug|Mixed Platforms.Build.0 = Debug|Any CPU
		{01EFA86C-05AF-4BF0-9297-4D7B843D997B}.Debug|x64.ActiveCfg = Debug|Any CPU
		{01EFA86C-05AF-4BF0-9297-4D7B843D997B}.Debug|x86.ActiveCfg = Debug|Any CPU
		{01EFA86C-05AF-4BF0-9297-4D7B843D997B}.EasyTest|Any CPU.ActiveCfg = Prueba|Any CPU
		{01EFA86C-05AF-4BF0-9297-4D7B843D997B}.EasyTest|Any CPU.Build.0 = Prueba|Any CPU
		{01EFA86C-05AF-4BF0-9297-4D7B843D997B}.EasyTest|ARM.ActiveCfg = Prueba|Any CPU
		{01EFA86C-05AF-4BF0-9297-4D7B843D997B}.EasyTest|Mixed Platforms.ActiveCfg = Prueba|Any CPU
		{01EFA86C-05AF-4BF0-9297-4D7B843D997B}.EasyTest|Mixed Platforms.Build.0 = Prueba|Any CPU
		{01EFA86C-05AF-4BF0-9297-4D7B843D997B}.EasyTest|x64.ActiveCfg = Prueba|Any CPU
		{01EFA86C-05AF-4BF0-9297-4D7B843D997B}.EasyTest|x86.ActiveCfg = Prueba|Any CPU
		{01EFA86C-05AF-4BF0-9297-4D7B843D997B}.Prueba|Any CPU.ActiveCfg = Prueba|Any CPU
		{01EFA86C-05AF-4BF0-9297-4D7B843D997B}.Prueba|Any CPU.Build.0 = Prueba|Any CPU
		{01EFA86C-05AF-4BF0-9297-4D7B843D997B}.Prueba|ARM.ActiveCfg = Prueba|Any CPU
		{01EFA86C-05AF-4BF0-9297-4D7B843D997B}.Prueba|Mixed Platforms.ActiveCfg = Prueba|Any CPU
		{01EFA86C-05AF-4BF0-9297-4D7B843D997B}.Prueba|Mixed Platforms.Build.0 = Prueba|Any CPU
		{01EFA86C-05AF-4BF0-9297-4D7B843D997B}.Prueba|x64.ActiveCfg = Prueba|Any CPU
		{01EFA86C-05AF-4BF0-9297-4D7B843D997B}.Prueba|x86.ActiveCfg = Prueba|Any CPU
		{01EFA86C-05AF-4BF0-9297-4D7B843D997B}.Release|Any CPU.ActiveCfg = Release|Any CPU
		{01EFA86C-05AF-4BF0-9297-4D7B843D997B}.Release|Any CPU.Build.0 = Release|Any CPU
		{01EFA86C-05AF-4BF0-9297-4D7B843D997B}.Release|ARM.ActiveCfg = Release|Any CPU
		{01EFA86C-05AF-4BF0-9297-4D7B843D997B}.Release|Mixed Platforms.ActiveCfg = Release|Any CPU
		{01EFA86C-05AF-4BF0-9297-4D7B843D997B}.Release|Mixed Platforms.Build.0 = Release|Any CPU
		{01EFA86C-05AF-4BF0-9297-4D7B843D997B}.Release|x64.ActiveCfg = Release|Any CPU
		{01EFA86C-05AF-4BF0-9297-4D7B843D997B}.Release|x86.ActiveCfg = Release|Any CPU
		{498AED4B-4B34-4A74-A000-0947F39110C6}.Debug|Any CPU.ActiveCfg = Debug|Any CPU
		{498AED4B-4B34-4A74-A000-0947F39110C6}.Debug|Any CPU.Build.0 = Debug|Any CPU
		{498AED4B-4B34-4A74-A000-0947F39110C6}.Debug|ARM.ActiveCfg = Debug|Any CPU
		{498AED4B-4B34-4A74-A000-0947F39110C6}.Debug|Mixed Platforms.ActiveCfg = Debug|Any CPU
		{498AED4B-4B34-4A74-A000-0947F39110C6}.Debug|Mixed Platforms.Build.0 = Debug|Any CPU
		{498AED4B-4B34-4A74-A000-0947F39110C6}.Debug|x64.ActiveCfg = Debug|Any CPU
		{498AED4B-4B34-4A74-A000-0947F39110C6}.Debug|x86.ActiveCfg = Debug|Any CPU
		{498AED4B-4B34-4A74-A000-0947F39110C6}.EasyTest|Any CPU.ActiveCfg = Prueba|Any CPU
		{498AED4B-4B34-4A74-A000-0947F39110C6}.EasyTest|Any CPU.Build.0 = Prueba|Any CPU
		{498AED4B-4B34-4A74-A000-0947F39110C6}.EasyTest|ARM.ActiveCfg = Prueba|Any CPU
		{498AED4B-4B34-4A74-A000-0947F39110C6}.EasyTest|Mixed Platforms.ActiveCfg = Prueba|Any CPU
		{498AED4B-4B34-4A74-A000-0947F39110C6}.EasyTest|Mixed Platforms.Build.0 = Prueba|Any CPU
		{498AED4B-4B34-4A74-A000-0947F39110C6}.EasyTest|x64.ActiveCfg = Prueba|Any CPU
		{498AED4B-4B34-4A74-A000-0947F39110C6}.EasyTest|x86.ActiveCfg = Prueba|Any CPU
		{498AED4B-4B34-4A74-A000-0947F39110C6}.Prueba|Any CPU.ActiveCfg = Prueba|Any CPU
		{498AED4B-4B34-4A74-A000-0947F39110C6}.Prueba|Any CPU.Build.0 = Prueba|Any CPU
		{498AED4B-4B34-4A74-A000-0947F39110C6}.Prueba|ARM.ActiveCfg = Prueba|Any CPU
		{498AED4B-4B34-4A74-A000-0947F39110C6}.Prueba|Mixed Platforms.ActiveCfg = Prueba|Any CPU
		{498AED4B-4B34-4A74-A000-0947F39110C6}.Prueba|Mixed Platforms.Build.0 = Prueba|Any CPU
		{498AED4B-4B34-4A74-A000-0947F39110C6}.Prueba|x64.ActiveCfg = Prueba|Any CPU
		{498AED4B-4B34-4A74-A000-0947F39110C6}.Prueba|x86.ActiveCfg = Prueba|Any CPU
		{498AED4B-4B34-4A74-A000-0947F39110C6}.Release|Any CPU.ActiveCfg = Release|Any CPU
		{498AED4B-4B34-4A74-A000-0947F39110C6}.Release|Any CPU.Build.0 = Release|Any CPU
		{498AED4B-4B34-4A74-A000-0947F39110C6}.Release|ARM.ActiveCfg = Release|Any CPU
		{498AED4B-4B34-4A74-A000-0947F39110C6}.Release|Mixed Platforms.ActiveCfg = Release|Any CPU
		{498AED4B-4B34-4A74-A000-0947F39110C6}.Release|Mixed Platforms.Build.0 = Release|Any CPU
		{498AED4B-4B34-4A74-A000-0947F39110C6}.Release|x64.ActiveCfg = Release|Any CPU
		{498AED4B-4B34-4A74-A000-0947F39110C6}.Release|x86.ActiveCfg = Release|Any CPU
		{2B6B50AB-D0BE-4BAD-BBC7-A0ADF36C597B}.Debug|Any CPU.ActiveCfg = Debug|Any CPU
		{2B6B50AB-D0BE-4BAD-BBC7-A0ADF36C597B}.Debug|Any CPU.Build.0 = Debug|Any CPU
		{2B6B50AB-D0BE-4BAD-BBC7-A0ADF36C597B}.Debug|ARM.ActiveCfg = Debug|Any CPU
		{2B6B50AB-D0BE-4BAD-BBC7-A0ADF36C597B}.Debug|ARM.Build.0 = Debug|Any CPU
		{2B6B50AB-D0BE-4BAD-BBC7-A0ADF36C597B}.Debug|Mixed Platforms.ActiveCfg = Debug|Any CPU
		{2B6B50AB-D0BE-4BAD-BBC7-A0ADF36C597B}.Debug|Mixed Platforms.Build.0 = Debug|Any CPU
		{2B6B50AB-D0BE-4BAD-BBC7-A0ADF36C597B}.Debug|x64.ActiveCfg = Debug|Any CPU
		{2B6B50AB-D0BE-4BAD-BBC7-A0ADF36C597B}.Debug|x64.Build.0 = Debug|Any CPU
		{2B6B50AB-D0BE-4BAD-BBC7-A0ADF36C597B}.Debug|x86.ActiveCfg = Debug|Any CPU
		{2B6B50AB-D0BE-4BAD-BBC7-A0ADF36C597B}.Debug|x86.Build.0 = Debug|Any CPU
		{2B6B50AB-D0BE-4BAD-BBC7-A0ADF36C597B}.EasyTest|Any CPU.ActiveCfg = Release|Any CPU
		{2B6B50AB-D0BE-4BAD-BBC7-A0ADF36C597B}.EasyTest|Any CPU.Build.0 = Release|Any CPU
		{2B6B50AB-D0BE-4BAD-BBC7-A0ADF36C597B}.EasyTest|ARM.ActiveCfg = Release|Any CPU
		{2B6B50AB-D0BE-4BAD-BBC7-A0ADF36C597B}.EasyTest|ARM.Build.0 = Release|Any CPU
		{2B6B50AB-D0BE-4BAD-BBC7-A0ADF36C597B}.EasyTest|Mixed Platforms.ActiveCfg = Release|Any CPU
		{2B6B50AB-D0BE-4BAD-BBC7-A0ADF36C597B}.EasyTest|Mixed Platforms.Build.0 = Release|Any CPU
		{2B6B50AB-D0BE-4BAD-BBC7-A0ADF36C597B}.EasyTest|x64.ActiveCfg = Release|Any CPU
		{2B6B50AB-D0BE-4BAD-BBC7-A0ADF36C597B}.EasyTest|x64.Build.0 = Release|Any CPU
		{2B6B50AB-D0BE-4BAD-BBC7-A0ADF36C597B}.EasyTest|x86.ActiveCfg = Release|Any CPU
		{2B6B50AB-D0BE-4BAD-BBC7-A0ADF36C597B}.EasyTest|x86.Build.0 = Release|Any CPU
		{2B6B50AB-D0BE-4BAD-BBC7-A0ADF36C597B}.Prueba|Any CPU.ActiveCfg = Debug|Any CPU
		{2B6B50AB-D0BE-4BAD-BBC7-A0ADF36C597B}.Prueba|Any CPU.Build.0 = Debug|Any CPU
		{2B6B50AB-D0BE-4BAD-BBC7-A0ADF36C597B}.Prueba|ARM.ActiveCfg = Debug|Any CPU
		{2B6B50AB-D0BE-4BAD-BBC7-A0ADF36C597B}.Prueba|ARM.Build.0 = Debug|Any CPU
		{2B6B50AB-D0BE-4BAD-BBC7-A0ADF36C597B}.Prueba|Mixed Platforms.ActiveCfg = Debug|Any CPU
		{2B6B50AB-D0BE-4BAD-BBC7-A0ADF36C597B}.Prueba|Mixed Platforms.Build.0 = Debug|Any CPU
		{2B6B50AB-D0BE-4BAD-BBC7-A0ADF36C597B}.Prueba|x64.ActiveCfg = Debug|Any CPU
		{2B6B50AB-D0BE-4BAD-BBC7-A0ADF36C597B}.Prueba|x64.Build.0 = Debug|Any CPU
		{2B6B50AB-D0BE-4BAD-BBC7-A0ADF36C597B}.Prueba|x86.ActiveCfg = Debug|Any CPU
		{2B6B50AB-D0BE-4BAD-BBC7-A0ADF36C597B}.Prueba|x86.Build.0 = Debug|Any CPU
		{2B6B50AB-D0BE-4BAD-BBC7-A0ADF36C597B}.Release|Any CPU.ActiveCfg = Release|Any CPU
		{2B6B50AB-D0BE-4BAD-BBC7-A0ADF36C597B}.Release|Any CPU.Build.0 = Release|Any CPU
		{2B6B50AB-D0BE-4BAD-BBC7-A0ADF36C597B}.Release|ARM.ActiveCfg = Release|Any CPU
		{2B6B50AB-D0BE-4BAD-BBC7-A0ADF36C597B}.Release|ARM.Build.0 = Release|Any CPU
		{2B6B50AB-D0BE-4BAD-BBC7-A0ADF36C597B}.Release|Mixed Platforms.ActiveCfg = Release|Any CPU
		{2B6B50AB-D0BE-4BAD-BBC7-A0ADF36C597B}.Release|Mixed Platforms.Build.0 = Release|Any CPU
		{2B6B50AB-D0BE-4BAD-BBC7-A0ADF36C597B}.Release|x64.ActiveCfg = Release|Any CPU
		{2B6B50AB-D0BE-4BAD-BBC7-A0ADF36C597B}.Release|x64.Build.0 = Release|Any CPU
		{2B6B50AB-D0BE-4BAD-BBC7-A0ADF36C597B}.Release|x86.ActiveCfg = Release|Any CPU
		{2B6B50AB-D0BE-4BAD-BBC7-A0ADF36C597B}.Release|x86.Build.0 = Release|Any CPU
	EndGlobalSection
	GlobalSection(SolutionProperties) = preSolution
		HideSolutionNode = FALSE
	EndGlobalSection
	GlobalSection(ExtensibilityGlobals) = postSolution
		SolutionGuid = {252D2443-FF40-47FA-B8F7-8451F1A31EE2}
	EndGlobalSection
	GlobalSection(SubversionScc) = preSolution
		Svn-Managed = True
		Manager = AnkhSVN - Subversion Support for Visual Studio
	EndGlobalSection
EndGlobal
